
Microsoft Visual Studio Solution File, Format Version 12.00
# Visual Studio Version 16
VisualStudioVersion = 16.0.30104.148
MinimumVisualStudioVersion = 10.0.40219.1
Project("{FAE04EC0-301F-11D3-BF4B-00C04F79EFBC}") = "VendingMachineCore", "VendingMachineCore\VendingMachineCore.csproj", "{A6C3C289-E0C6-43A9-B731-4E77C5D864C2}"
EndProject
Project("{FAE04EC0-301F-11D3-BF4B-00C04F79EFBC}") = "VendingMachine", "VendingMachine\VendingMachine.csproj", "{FDB79A99-2981-492E-A7AC-194178FFA8BF}"
EndProject
Global
	GlobalSection(SolutionConfigurationPlatforms) = preSolution
		Debug|Any CPU = Debug|Any CPU
		Release|Any CPU = Release|Any CPU
	EndGlobalSection
	GlobalSection(ProjectConfigurationPlatforms) = postSolution
		{A6C3C289-E0C6-43A9-B731-4E77C5D864C2}.Debug|Any CPU.ActiveCfg = Debug|Any CPU
		{A6C3C289-E0C6-43A9-B731-4E77C5D864C2}.Debug|Any CPU.Build.0 = Debug|Any CPU
		{A6C3C289-E0C6-43A9-B731-4E77C5D864C2}.Release|Any CPU.ActiveCfg = Release|Any CPU
		{A6C3C289-E0C6-43A9-B731-4E77C5D864C2}.Release|Any CPU.Build.0 = Release|Any CPU
		{FDB79A99-2981-492E-A7AC-194178FFA8BF}.Debug|Any CPU.ActiveCfg = Debug|Any CPU
		{FDB79A99-2981-492E-A7AC-194178FFA8BF}.Debug|Any CPU.Build.0 = Debug|Any CPU
		{FDB79A99-2981-492E-A7AC-194178FFA8BF}.Release|Any CPU.ActiveCfg = Release|Any CPU
		{FDB79A99-2981-492E-A7AC-194178FFA8BF}.Release|Any CPU.Build.0 = Release|Any CPU
	EndGlobalSection
	GlobalSection(SolutionProperties) = preSolution
		HideSolutionNode = FALSE
	EndGlobalSection
	GlobalSection(ExtensibilityGlobals) = postSolution
		SolutionGuid = {DB9ACFC9-DBF6-4C35-9D85-6C17E7AD214B}
	EndGlobalSection
EndGlobal
